
Microsoft Visual Studio Solution File, Format Version 12.00
# Visual Studio Version 17
VisualStudioVersion = 17.8.34525.116
MinimumVisualStudioVersion = 10.0.40219.1
Project("{FAE04EC0-301F-11D3-BF4B-00C04F79EFBC}") = "Ejercicios C#", "Ejercicios C#\Ejercicios C#.csproj", "{D9A88F89-C73D-4125-B12C-F1DD6D65C71B}"
EndProject
Global
	GlobalSection(SolutionConfigurationPlatforms) = preSolution
		Debug|Any CPU = Debug|Any CPU
		Release|Any CPU = Release|Any CPU
	EndGlobalSection
	GlobalSection(ProjectConfigurationPlatforms) = postSolution
		{D9A88F89-C73D-4125-B12C-F1DD6D65C71B}.Debug|Any CPU.ActiveCfg = Debug|Any CPU
		{D9A88F89-C73D-4125-B12C-F1DD6D65C71B}.Debug|Any CPU.Build.0 = Debug|Any CPU
		{D9A88F89-C73D-4125-B12C-F1DD6D65C71B}.Release|Any CPU.ActiveCfg = Release|Any CPU
		{D9A88F89-C73D-4125-B12C-F1DD6D65C71B}.Release|Any CPU.Build.0 = Release|Any CPU
	EndGlobalSection
	GlobalSection(SolutionProperties) = preSolution
		HideSolutionNode = FALSE
	EndGlobalSection
	GlobalSection(ExtensibilityGlobals) = postSolution
		SolutionGuid = {09700415-2FE5-47F5-9BAE-3F5AE6DB8C52}
	EndGlobalSection
EndGlobal
